// !$*UTF8*$!
{
	archiveVersion = 1;
	classes = {
	};
	objectVersion = 54;
	objects = {

/* Begin PBXBuildFile section */
		0B36FA522CD3DD170030C8B9 /* core_receive.wav in Resources */ = {isa = PBXBuildFile; fileRef = 0B36FA4F2CD3DD170030C8B9 /* core_receive.wav */; };
		0B36FA532CD3DD170030C8B9 /* core_receive.wav in Resources */ = {isa = PBXBuildFile; fileRef = 0B36FA4F2CD3DD170030C8B9 /* core_receive.wav */; };
		0B73DE0B2C80D72900DED1DF /* GoogleService-Info.plist in Resources */ = {isa = PBXBuildFile; fileRef = 0B73DE0A2C80D72900DED1DF /* GoogleService-Info.plist */; };
		0B73DE0C2C80D72900DED1DF /* GoogleService-Info.plist in Resources */ = {isa = PBXBuildFile; fileRef = 0B73DE0A2C80D72900DED1DF /* GoogleService-Info.plist */; };
		13B07FBF1A68108700A75B9A /* Images.xcassets in Resources */ = {isa = PBXBuildFile; fileRef = 13B07FB51A68108700A75B9A /* Images.xcassets */; };
		501C50832C35C63800DAFF77 /* core_send.wav in Resources */ = {isa = PBXBuildFile; fileRef = 501C50822C35C63800DAFF77 /* core_send.wav */; };
		5084807F2C3C3E78008762B2 /* core_send.wav in Resources */ = {isa = PBXBuildFile; fileRef = 501C50822C35C63800DAFF77 /* core_send.wav */; };
		541718823F103C58523330E0 /* libPods-common-AvaxWalletInternal.a in Frameworks */ = {isa = PBXBuildFile; fileRef = 98B4FBA16D8159067E38BF66 /* libPods-common-AvaxWalletInternal.a */; };
		815E55482C94A396000F8E0F /* NotificationService.swift in Sources */ = {isa = PBXBuildFile; fileRef = 815E55472C94A396000F8E0F /* NotificationService.swift */; };
		815E55532C989231000F8E0F /* NotificationService.swift in Sources */ = {isa = PBXBuildFile; fileRef = 815E55472C94A396000F8E0F /* NotificationService.swift */; };
		81ACC3932BD1B2860089FEBA /* BootSplash.storyboard in Resources */ = {isa = PBXBuildFile; fileRef = 81ACC3922BD1B2860089FEBA /* BootSplash.storyboard */; };
		81ACC3942BD1B2860089FEBA /* BootSplash.storyboard in Resources */ = {isa = PBXBuildFile; fileRef = 81ACC3922BD1B2860089FEBA /* BootSplash.storyboard */; };
		8E3793752CA2790500D3A9B4 /* NotificationServiceExtension.appex in Embed Foundation Extensions */ = {isa = PBXBuildFile; fileRef = 815E55452C94A396000F8E0F /* NotificationServiceExtension.appex */; settings = {ATTRIBUTES = (RemoveHeadersOnCopy, ); }; };
		8E3793792CA2790C00D3A9B4 /* NotificationServiceExtensionInternal.appex in Embed Foundation Extensions */ = {isa = PBXBuildFile; fileRef = 815E550F2C92071A000F8E0F /* NotificationServiceExtensionInternal.appex */; settings = {ATTRIBUTES = (RemoveHeadersOnCopy, ); }; };
		8E80035A2CAAF3E400FFC562 /* Aeonik-Bold.otf in Resources */ = {isa = PBXBuildFile; fileRef = 8E8003532CAAF3D800FFC562 /* Aeonik-Bold.otf */; };
		8E80035B2CAAF3E400FFC562 /* Aeonik-Medium.otf in Resources */ = {isa = PBXBuildFile; fileRef = 8E8003542CAAF3D800FFC562 /* Aeonik-Medium.otf */; };
		8E80035C2CAAF3E400FFC562 /* DejaVuSansMono.ttf in Resources */ = {isa = PBXBuildFile; fileRef = 8E8003592CAAF3D800FFC562 /* DejaVuSansMono.ttf */; };
		8E80035D2CAAF3E400FFC562 /* Inter-Bold.ttf in Resources */ = {isa = PBXBuildFile; fileRef = 8E8003582CAAF3D800FFC562 /* Inter-Bold.ttf */; };
		8E80035E2CAAF3E400FFC562 /* Inter-ExtraBold.ttf in Resources */ = {isa = PBXBuildFile; fileRef = 8E8003552CAAF3D800FFC562 /* Inter-ExtraBold.ttf */; };
		8E80035F2CAAF3E400FFC562 /* Inter-Regular.ttf in Resources */ = {isa = PBXBuildFile; fileRef = 8E8003572CAAF3D800FFC562 /* Inter-Regular.ttf */; };
		8E8003602CAAF3E400FFC562 /* Inter-SemiBold.ttf in Resources */ = {isa = PBXBuildFile; fileRef = 8E8003562CAAF3D800FFC562 /* Inter-SemiBold.ttf */; };
		8E8003612CAAF3F100FFC562 /* Aeonik-Bold.otf in Resources */ = {isa = PBXBuildFile; fileRef = 8E8003532CAAF3D800FFC562 /* Aeonik-Bold.otf */; };
		8E8003622CAAF3F100FFC562 /* Aeonik-Medium.otf in Resources */ = {isa = PBXBuildFile; fileRef = 8E8003542CAAF3D800FFC562 /* Aeonik-Medium.otf */; };
		8E8003632CAAF3F100FFC562 /* DejaVuSansMono.ttf in Resources */ = {isa = PBXBuildFile; fileRef = 8E8003592CAAF3D800FFC562 /* DejaVuSansMono.ttf */; };
		8E8003642CAAF3F100FFC562 /* Inter-Bold.ttf in Resources */ = {isa = PBXBuildFile; fileRef = 8E8003582CAAF3D800FFC562 /* Inter-Bold.ttf */; };
		8E8003652CAAF3F100FFC562 /* Inter-ExtraBold.ttf in Resources */ = {isa = PBXBuildFile; fileRef = 8E8003552CAAF3D800FFC562 /* Inter-ExtraBold.ttf */; };
		8E8003662CAAF3F100FFC562 /* Inter-Regular.ttf in Resources */ = {isa = PBXBuildFile; fileRef = 8E8003572CAAF3D800FFC562 /* Inter-Regular.ttf */; };
		8E8003672CAAF3F100FFC562 /* Inter-SemiBold.ttf in Resources */ = {isa = PBXBuildFile; fileRef = 8E8003562CAAF3D800FFC562 /* Inter-SemiBold.ttf */; };
		8E858A5E28AFD47300236EF2 /* Images.xcassets in Resources */ = {isa = PBXBuildFile; fileRef = 13B07FB51A68108700A75B9A /* Images.xcassets */; };
		8EA3A01428EF82E100F753C2 /* AppDelegate.swift in Sources */ = {isa = PBXBuildFile; fileRef = 8EA3A01228EF82E100F753C2 /* AppDelegate.swift */; };
		8EA4B4D128EF9B4D00A06DBA /* AppDelegate.swift in Sources */ = {isa = PBXBuildFile; fileRef = 8EA3A01228EF82E100F753C2 /* AppDelegate.swift */; };
		8EACAADB2BD84A3300A987BA /* PrivacyInfo.xcprivacy in Resources */ = {isa = PBXBuildFile; fileRef = 8EACAADA2BD84A3300A987BA /* PrivacyInfo.xcprivacy */; };
		8EACAADC2BD84A3300A987BA /* PrivacyInfo.xcprivacy in Resources */ = {isa = PBXBuildFile; fileRef = 8EACAADA2BD84A3300A987BA /* PrivacyInfo.xcprivacy */; };
		8EE7F7A1C0774BC9AFA75FEB /* libPods-common-AvaxWallet.a in Frameworks */ = {isa = PBXBuildFile; fileRef = A8AD8B1AC4F648BE51B1AD70 /* libPods-common-AvaxWallet.a */; };
		8EE9988B28B537A40088DE7C /* InfoRelease.plist in Resources */ = {isa = PBXBuildFile; fileRef = 8EE9988A28B537A40088DE7C /* InfoRelease.plist */; };
		8EE9988C28B537A40088DE7C /* InfoRelease.plist in Resources */ = {isa = PBXBuildFile; fileRef = 8EE9988A28B537A40088DE7C /* InfoRelease.plist */; };
		A96E77CAD2ABB49A6ACACD2C /* ExpoModulesProvider.swift in Sources */ = {isa = PBXBuildFile; fileRef = 762C9EF0EF8C043AB7880CD7 /* ExpoModulesProvider.swift */; };
		C7062D69B313585A64C52506 /* ExpoModulesProvider.swift in Sources */ = {isa = PBXBuildFile; fileRef = 743FA70F1387A05E00866EBF /* ExpoModulesProvider.swift */; };
/* End PBXBuildFile section */

/* Begin PBXContainerItemProxy section */
		815E55142C92071A000F8E0F /* PBXContainerItemProxy */ = {
			isa = PBXContainerItemProxy;
			containerPortal = 83CBB9F71A601CBA00E9B192 /* Project object */;
			proxyType = 1;
			remoteGlobalIDString = 815E550E2C92071A000F8E0F;
			remoteInfo = NotificationServiceExtensionInternal;
		};
		815E551F2C921A9F000F8E0F /* PBXContainerItemProxy */ = {
			isa = PBXContainerItemProxy;
			containerPortal = 83CBB9F71A601CBA00E9B192 /* Project object */;
			proxyType = 1;
			remoteGlobalIDString = 815E550E2C92071A000F8E0F;
			remoteInfo = NotificationServiceExtensionInternal;
		};
		8E3793732CA2788500D3A9B4 /* PBXContainerItemProxy */ = {
			isa = PBXContainerItemProxy;
			containerPortal = 83CBB9F71A601CBA00E9B192 /* Project object */;
			proxyType = 1;
			remoteGlobalIDString = 815E55442C94A396000F8E0F;
			remoteInfo = NotificationServiceExtension;
		};
		8E3793762CA2790500D3A9B4 /* PBXContainerItemProxy */ = {
			isa = PBXContainerItemProxy;
			containerPortal = 83CBB9F71A601CBA00E9B192 /* Project object */;
			proxyType = 1;
			remoteGlobalIDString = 815E55442C94A396000F8E0F;
			remoteInfo = NotificationServiceExtension;
		};
		8E37937A2CA2790C00D3A9B4 /* PBXContainerItemProxy */ = {
			isa = PBXContainerItemProxy;
			containerPortal = 83CBB9F71A601CBA00E9B192 /* Project object */;
			proxyType = 1;
			remoteGlobalIDString = 815E550E2C92071A000F8E0F;
			remoteInfo = NotificationServiceExtensionInternal;
		};
/* End PBXContainerItemProxy section */

/* Begin PBXCopyFilesBuildPhase section */
		815E551A2C92071A000F8E0F /* Embed Foundation Extensions */ = {
			isa = PBXCopyFilesBuildPhase;
			buildActionMask = 2147483647;
			dstPath = "";
			dstSubfolderSpec = 13;
			files = (
				8E3793792CA2790C00D3A9B4 /* NotificationServiceExtensionInternal.appex in Embed Foundation Extensions */,
			);
			name = "Embed Foundation Extensions";
			runOnlyForDeploymentPostprocessing = 0;
		};
		815E551D2C92197B000F8E0F /* CopyFiles */ = {
			isa = PBXCopyFilesBuildPhase;
			buildActionMask = 2147483647;
			dstPath = "";
			dstSubfolderSpec = 10;
			files = (
			);
			runOnlyForDeploymentPostprocessing = 0;
		};
		8E3793782CA2790500D3A9B4 /* Embed Foundation Extensions */ = {
			isa = PBXCopyFilesBuildPhase;
			buildActionMask = 2147483647;
			dstPath = "";
			dstSubfolderSpec = 13;
			files = (
				8E3793752CA2790500D3A9B4 /* NotificationServiceExtension.appex in Embed Foundation Extensions */,
			);
			name = "Embed Foundation Extensions";
			runOnlyForDeploymentPostprocessing = 0;
		};
/* End PBXCopyFilesBuildPhase section */

/* Begin PBXFileReference section */
		00E356F11AD99517003FC87E /* Info.plist */ = {isa = PBXFileReference; lastKnownFileType = text.plist.xml; path = Info.plist; sourceTree = "<group>"; };
		00E356F21AD99517003FC87E /* AvaxWalletTests.m */ = {isa = PBXFileReference; lastKnownFileType = sourcecode.c.objc; path = AvaxWalletTests.m; sourceTree = "<group>"; };
		0B36FA4F2CD3DD170030C8B9 /* core_receive.wav */ = {isa = PBXFileReference; lastKnownFileType = audio.wav; path = core_receive.wav; sourceTree = "<group>"; };
		0B73DE0A2C80D72900DED1DF /* GoogleService-Info.plist */ = {isa = PBXFileReference; fileEncoding = 4; lastKnownFileType = text.plist.xml; path = "GoogleService-Info.plist"; sourceTree = "<group>"; };
		0BA5138A27D234C200A25188 /* AvaxWallet-Bridging-Header.h */ = {isa = PBXFileReference; lastKnownFileType = sourcecode.c.h; path = "AvaxWallet-Bridging-Header.h"; sourceTree = "<group>"; };
		13B07F961A680F5B00A75B9A /* AvaxWallet.app */ = {isa = PBXFileReference; explicitFileType = wrapper.application; includeInIndex = 0; path = AvaxWallet.app; sourceTree = BUILT_PRODUCTS_DIR; };
		13B07FB51A68108700A75B9A /* Images.xcassets */ = {isa = PBXFileReference; lastKnownFileType = folder.assetcatalog; name = Images.xcassets; path = AvaxWallet/Images.xcassets; sourceTree = "<group>"; };
		13B07FB61A68108700A75B9A /* Info.plist */ = {isa = PBXFileReference; fileEncoding = 4; lastKnownFileType = text.plist.xml; name = Info.plist; path = AvaxWallet/Info.plist; sourceTree = "<group>"; };
		2793FCC827461B9C00B0719A /* AvaxWallet.entitlements */ = {isa = PBXFileReference; lastKnownFileType = text.plist.entitlements; name = AvaxWallet.entitlements; path = AvaxWallet/AvaxWallet.entitlements; sourceTree = "<group>"; };
		27981BC628AECFB200672611 /* AvaxWalletRelease.entitlements */ = {isa = PBXFileReference; lastKnownFileType = text.plist.entitlements; name = AvaxWalletRelease.entitlements; path = AvaxWallet/AvaxWalletRelease.entitlements; sourceTree = "<group>"; };
		2F31BBEBFE5CD53EFF464BD9 /* Pods-common-AvaxWalletInternal.release.xcconfig */ = {isa = PBXFileReference; includeInIndex = 1; lastKnownFileType = text.xcconfig; name = "Pods-common-AvaxWalletInternal.release.xcconfig"; path = "Target Support Files/Pods-common-AvaxWalletInternal/Pods-common-AvaxWalletInternal.release.xcconfig"; sourceTree = "<group>"; };
		3DABA85FC8718B3DA5932E5D /* Pods-common-AvaxWallet.debug.xcconfig */ = {isa = PBXFileReference; includeInIndex = 1; lastKnownFileType = text.xcconfig; name = "Pods-common-AvaxWallet.debug.xcconfig"; path = "Target Support Files/Pods-common-AvaxWallet/Pods-common-AvaxWallet.debug.xcconfig"; sourceTree = "<group>"; };
		501C50822C35C63800DAFF77 /* core_send.wav */ = {isa = PBXFileReference; lastKnownFileType = audio.wav; path = core_send.wav; sourceTree = "<group>"; };
		743FA70F1387A05E00866EBF /* ExpoModulesProvider.swift */ = {isa = PBXFileReference; includeInIndex = 1; lastKnownFileType = sourcecode.swift; name = ExpoModulesProvider.swift; path = "Pods/Target Support Files/Pods-common-AvaxWalletInternal/ExpoModulesProvider.swift"; sourceTree = "<group>"; };
		762C9EF0EF8C043AB7880CD7 /* ExpoModulesProvider.swift */ = {isa = PBXFileReference; includeInIndex = 1; lastKnownFileType = sourcecode.swift; name = ExpoModulesProvider.swift; path = "Pods/Target Support Files/Pods-common-AvaxWallet/ExpoModulesProvider.swift"; sourceTree = "<group>"; };
		7CA105A259461A15C6B2A56F /* Pods-common-AvaxWallet.release.xcconfig */ = {isa = PBXFileReference; includeInIndex = 1; lastKnownFileType = text.xcconfig; name = "Pods-common-AvaxWallet.release.xcconfig"; path = "Target Support Files/Pods-common-AvaxWallet/Pods-common-AvaxWallet.release.xcconfig"; sourceTree = "<group>"; };
		815E550F2C92071A000F8E0F /* NotificationServiceExtensionInternal.appex */ = {isa = PBXFileReference; explicitFileType = "wrapper.app-extension"; includeInIndex = 0; path = NotificationServiceExtensionInternal.appex; sourceTree = BUILT_PRODUCTS_DIR; };
		815E55132C92071A000F8E0F /* Info.plist */ = {isa = PBXFileReference; lastKnownFileType = text.plist.xml; path = Info.plist; sourceTree = "<group>"; };
		815E551B2C9209AF000F8E0F /* NotificationServiceExtensionInternal.entitlements */ = {isa = PBXFileReference; lastKnownFileType = text.plist.entitlements; path = NotificationServiceExtensionInternal.entitlements; sourceTree = "<group>"; };
		815E55452C94A396000F8E0F /* NotificationServiceExtension.appex */ = {isa = PBXFileReference; explicitFileType = "wrapper.app-extension"; includeInIndex = 0; path = NotificationServiceExtension.appex; sourceTree = BUILT_PRODUCTS_DIR; };
		815E55472C94A396000F8E0F /* NotificationService.swift */ = {isa = PBXFileReference; lastKnownFileType = sourcecode.swift; path = NotificationService.swift; sourceTree = "<group>"; };
		815E55492C94A396000F8E0F /* Info.plist */ = {isa = PBXFileReference; lastKnownFileType = text.plist.xml; path = Info.plist; sourceTree = "<group>"; };
		815E55502C94A3A8000F8E0F /* NotificationServiceExtension.entitlements */ = {isa = PBXFileReference; lastKnownFileType = text.plist.entitlements; path = NotificationServiceExtension.entitlements; sourceTree = "<group>"; };
		81ACC3922BD1B2860089FEBA /* BootSplash.storyboard */ = {isa = PBXFileReference; lastKnownFileType = file.storyboard; path = BootSplash.storyboard; sourceTree = "<group>"; };
		8E8003532CAAF3D800FFC562 /* Aeonik-Bold.otf */ = {isa = PBXFileReference; lastKnownFileType = file; name = "Aeonik-Bold.otf"; path = "../app/assets/fonts/Aeonik-Bold.otf"; sourceTree = "<group>"; };
		8E8003542CAAF3D800FFC562 /* Aeonik-Medium.otf */ = {isa = PBXFileReference; lastKnownFileType = file; name = "Aeonik-Medium.otf"; path = "../app/assets/fonts/Aeonik-Medium.otf"; sourceTree = "<group>"; };
		8E8003552CAAF3D800FFC562 /* Inter-ExtraBold.ttf */ = {isa = PBXFileReference; lastKnownFileType = file; name = "Inter-ExtraBold.ttf"; path = "../app/assets/fonts/Inter-ExtraBold.ttf"; sourceTree = "<group>"; };
		8E8003562CAAF3D800FFC562 /* Inter-SemiBold.ttf */ = {isa = PBXFileReference; lastKnownFileType = file; name = "Inter-SemiBold.ttf"; path = "../app/assets/fonts/Inter-SemiBold.ttf"; sourceTree = "<group>"; };
		8E8003572CAAF3D800FFC562 /* Inter-Regular.ttf */ = {isa = PBXFileReference; lastKnownFileType = file; name = "Inter-Regular.ttf"; path = "../app/assets/fonts/Inter-Regular.ttf"; sourceTree = "<group>"; };
		8E8003582CAAF3D800FFC562 /* Inter-Bold.ttf */ = {isa = PBXFileReference; lastKnownFileType = file; name = "Inter-Bold.ttf"; path = "../app/assets/fonts/Inter-Bold.ttf"; sourceTree = "<group>"; };
		8E8003592CAAF3D800FFC562 /* DejaVuSansMono.ttf */ = {isa = PBXFileReference; lastKnownFileType = file; name = DejaVuSansMono.ttf; path = ../app/assets/fonts/DejaVuSansMono.ttf; sourceTree = "<group>"; };
		8E83528A28F09E0900880FD3 /* OpenSSL.xcframework */ = {isa = PBXFileReference; lastKnownFileType = wrapper.xcframework; name = OpenSSL.xcframework; path = "Pods/OpenSSL-Universal/Frameworks/OpenSSL.xcframework"; sourceTree = "<group>"; };
		8E858A6628AFD47300236EF2 /* AvaxWalletInternal.app */ = {isa = PBXFileReference; explicitFileType = wrapper.application; includeInIndex = 0; path = AvaxWalletInternal.app; sourceTree = BUILT_PRODUCTS_DIR; };
		8EA3A01228EF82E100F753C2 /* AppDelegate.swift */ = {isa = PBXFileReference; fileEncoding = 4; lastKnownFileType = sourcecode.swift; path = AppDelegate.swift; sourceTree = "<group>"; };
		8EACAADA2BD84A3300A987BA /* PrivacyInfo.xcprivacy */ = {isa = PBXFileReference; lastKnownFileType = text.xml; path = PrivacyInfo.xcprivacy; sourceTree = "<group>"; };
		8EE9988A28B537A40088DE7C /* InfoRelease.plist */ = {isa = PBXFileReference; lastKnownFileType = text.plist.xml; name = InfoRelease.plist; path = AvaxWallet/InfoRelease.plist; sourceTree = "<group>"; };
		98B4FBA16D8159067E38BF66 /* libPods-common-AvaxWalletInternal.a */ = {isa = PBXFileReference; explicitFileType = archive.ar; includeInIndex = 0; path = "libPods-common-AvaxWalletInternal.a"; sourceTree = BUILT_PRODUCTS_DIR; };
		A8AD8B1AC4F648BE51B1AD70 /* libPods-common-AvaxWallet.a */ = {isa = PBXFileReference; explicitFileType = archive.ar; includeInIndex = 0; path = "libPods-common-AvaxWallet.a"; sourceTree = BUILT_PRODUCTS_DIR; };
		ED297162215061F000B7C4FE /* JavaScriptCore.framework */ = {isa = PBXFileReference; lastKnownFileType = wrapper.framework; name = JavaScriptCore.framework; path = System/Library/Frameworks/JavaScriptCore.framework; sourceTree = SDKROOT; };
		F911BD13400D775A15AFA673 /* Pods-common-AvaxWalletInternal.debug.xcconfig */ = {isa = PBXFileReference; includeInIndex = 1; lastKnownFileType = text.xcconfig; name = "Pods-common-AvaxWalletInternal.debug.xcconfig"; path = "Target Support Files/Pods-common-AvaxWalletInternal/Pods-common-AvaxWalletInternal.debug.xcconfig"; sourceTree = "<group>"; };
/* End PBXFileReference section */

/* Begin PBXFrameworksBuildPhase section */
		13B07F8C1A680F5B00A75B9A /* Frameworks */ = {
			isa = PBXFrameworksBuildPhase;
			buildActionMask = 2147483647;
			files = (
				8EE7F7A1C0774BC9AFA75FEB /* libPods-common-AvaxWallet.a in Frameworks */,
			);
			runOnlyForDeploymentPostprocessing = 0;
		};
		815E550C2C92071A000F8E0F /* Frameworks */ = {
			isa = PBXFrameworksBuildPhase;
			buildActionMask = 2147483647;
			files = (
			);
			runOnlyForDeploymentPostprocessing = 0;
		};
		815E55422C94A396000F8E0F /* Frameworks */ = {
			isa = PBXFrameworksBuildPhase;
			buildActionMask = 2147483647;
			files = (
			);
			runOnlyForDeploymentPostprocessing = 0;
		};
		8E858A5728AFD47300236EF2 /* Frameworks */ = {
			isa = PBXFrameworksBuildPhase;
			buildActionMask = 2147483647;
			files = (
				541718823F103C58523330E0 /* libPods-common-AvaxWalletInternal.a in Frameworks */,
			);
			runOnlyForDeploymentPostprocessing = 0;
		};
/* End PBXFrameworksBuildPhase section */

/* Begin PBXGroup section */
		00E356EF1AD99517003FC87E /* AvaxWalletTests */ = {
			isa = PBXGroup;
			children = (
				00E356F21AD99517003FC87E /* AvaxWalletTests.m */,
				00E356F01AD99517003FC87E /* Supporting Files */,
			);
			path = AvaxWalletTests;
			sourceTree = "<group>";
		};
		00E356F01AD99517003FC87E /* Supporting Files */ = {
			isa = PBXGroup;
			children = (
				00E356F11AD99517003FC87E /* Info.plist */,
			);
			name = "Supporting Files";
			sourceTree = "<group>";
		};
		0B36FA502CD3DD170030C8B9 /* Sounds */ = {
			isa = PBXGroup;
			children = (
				0B36FA4F2CD3DD170030C8B9 /* core_receive.wav */,
			);
			path = Sounds;
			sourceTree = "<group>";
		};
		0B36FA512CD3DD170030C8B9 /* Library */ = {
			isa = PBXGroup;
			children = (
				0B36FA502CD3DD170030C8B9 /* Sounds */,
			);
			path = Library;
			sourceTree = "<group>";
		};
		13B07FAE1A68108700A75B9A /* AvaxWallet */ = {
			isa = PBXGroup;
			children = (
				27981BC628AECFB200672611 /* AvaxWalletRelease.entitlements */,
				2793FCC827461B9C00B0719A /* AvaxWallet.entitlements */,
				13B07FB51A68108700A75B9A /* Images.xcassets */,
				13B07FB61A68108700A75B9A /* Info.plist */,
				8EE9988A28B537A40088DE7C /* InfoRelease.plist */,
				81ACC3922BD1B2860089FEBA /* BootSplash.storyboard */,
				0BA5138A27D234C200A25188 /* AvaxWallet-Bridging-Header.h */,
				8EA3A01228EF82E100F753C2 /* AppDelegate.swift */,
				8EACAADA2BD84A3300A987BA /* PrivacyInfo.xcprivacy */,
			);
			name = AvaxWallet;
			sourceTree = "<group>";
		};
		2D16E6871FA4F8E400B85C8A /* Frameworks */ = {
			isa = PBXGroup;
			children = (
				8E83528A28F09E0900880FD3 /* OpenSSL.xcframework */,
				ED297162215061F000B7C4FE /* JavaScriptCore.framework */,
				A8AD8B1AC4F648BE51B1AD70 /* libPods-common-AvaxWallet.a */,
				98B4FBA16D8159067E38BF66 /* libPods-common-AvaxWalletInternal.a */,
			);
			name = Frameworks;
			sourceTree = "<group>";
		};
		6493DFA96F0295D04CEC5E67 /* ExpoModulesProviders */ = {
			isa = PBXGroup;
			children = (
				ECCB1DEF911D4FA6ABECADCA /* AvaxWallet */,
				C404B8FC20C759E8C006A159 /* AvaxWalletInternal */,
			);
			name = ExpoModulesProviders;
			sourceTree = "<group>";
		};
		815E55102C92071A000F8E0F /* NotificationServiceExtensionInternal */ = {
			isa = PBXGroup;
			children = (
				815E551B2C9209AF000F8E0F /* NotificationServiceExtensionInternal.entitlements */,
				815E55132C92071A000F8E0F /* Info.plist */,
			);
			path = NotificationServiceExtensionInternal;
			sourceTree = "<group>";
		};
		815E55462C94A396000F8E0F /* NotificationServiceExtension */ = {
			isa = PBXGroup;
			children = (
				815E55502C94A3A8000F8E0F /* NotificationServiceExtension.entitlements */,
				815E55472C94A396000F8E0F /* NotificationService.swift */,
				815E55492C94A396000F8E0F /* Info.plist */,
			);
			path = NotificationServiceExtension;
			sourceTree = "<group>";
		};
		832341AE1AAA6A7D00B99B32 /* Libraries */ = {
			isa = PBXGroup;
			children = (
			);
			name = Libraries;
			sourceTree = "<group>";
		};
		83CBB9F61A601CBA00E9B192 = {
			isa = PBXGroup;
			children = (
				0B36FA512CD3DD170030C8B9 /* Library */,
				0B73DE0A2C80D72900DED1DF /* GoogleService-Info.plist */,
				501C50822C35C63800DAFF77 /* core_send.wav */,
				13B07FAE1A68108700A75B9A /* AvaxWallet */,
				832341AE1AAA6A7D00B99B32 /* Libraries */,
				00E356EF1AD99517003FC87E /* AvaxWalletTests */,
				815E55102C92071A000F8E0F /* NotificationServiceExtensionInternal */,
				815E55462C94A396000F8E0F /* NotificationServiceExtension */,
				83CBBA001A601CBA00E9B192 /* Products */,
				2D16E6871FA4F8E400B85C8A /* Frameworks */,
				F8B72680A82297B40C47D111 /* Pods */,
				D43AD4CD4B1C41E484E6B9ED /* Resources */,
				6493DFA96F0295D04CEC5E67 /* ExpoModulesProviders */,
			);
			indentWidth = 2;
			sourceTree = "<group>";
			tabWidth = 2;
			usesTabs = 0;
		};
		83CBBA001A601CBA00E9B192 /* Products */ = {
			isa = PBXGroup;
			children = (
				13B07F961A680F5B00A75B9A /* AvaxWallet.app */,
				8E858A6628AFD47300236EF2 /* AvaxWalletInternal.app */,
				815E550F2C92071A000F8E0F /* NotificationServiceExtensionInternal.appex */,
				815E55452C94A396000F8E0F /* NotificationServiceExtension.appex */,
			);
			name = Products;
			sourceTree = "<group>";
		};
		C404B8FC20C759E8C006A159 /* AvaxWalletInternal */ = {
			isa = PBXGroup;
			children = (
				743FA70F1387A05E00866EBF /* ExpoModulesProvider.swift */,
			);
			name = AvaxWalletInternal;
			sourceTree = "<group>";
		};
		D43AD4CD4B1C41E484E6B9ED /* Resources */ = {
			isa = PBXGroup;
			children = (
				8E8003532CAAF3D800FFC562 /* Aeonik-Bold.otf */,
				8E8003542CAAF3D800FFC562 /* Aeonik-Medium.otf */,
				8E8003592CAAF3D800FFC562 /* DejaVuSansMono.ttf */,
				8E8003582CAAF3D800FFC562 /* Inter-Bold.ttf */,
				8E8003552CAAF3D800FFC562 /* Inter-ExtraBold.ttf */,
				8E8003572CAAF3D800FFC562 /* Inter-Regular.ttf */,
				8E8003562CAAF3D800FFC562 /* Inter-SemiBold.ttf */,
			);
			name = Resources;
			sourceTree = "<group>";
		};
		ECCB1DEF911D4FA6ABECADCA /* AvaxWallet */ = {
			isa = PBXGroup;
			children = (
				762C9EF0EF8C043AB7880CD7 /* ExpoModulesProvider.swift */,
			);
			name = AvaxWallet;
			sourceTree = "<group>";
		};
		F8B72680A82297B40C47D111 /* Pods */ = {
			isa = PBXGroup;
			children = (
				3DABA85FC8718B3DA5932E5D /* Pods-common-AvaxWallet.debug.xcconfig */,
				7CA105A259461A15C6B2A56F /* Pods-common-AvaxWallet.release.xcconfig */,
				F911BD13400D775A15AFA673 /* Pods-common-AvaxWalletInternal.debug.xcconfig */,
				2F31BBEBFE5CD53EFF464BD9 /* Pods-common-AvaxWalletInternal.release.xcconfig */,
			);
			path = Pods;
			sourceTree = "<group>";
		};
/* End PBXGroup section */

/* Begin PBXNativeTarget section */
		13B07F861A680F5B00A75B9A /* AvaxWallet */ = {
			isa = PBXNativeTarget;
			buildConfigurationList = 13B07F931A680F5B00A75B9A /* Build configuration list for PBXNativeTarget "AvaxWallet" */;
			buildPhases = (
				5602960B24A2A6CEAB36203E /* [CP] Check Pods Manifest.lock */,
				FD10A7F022414F080027D42C /* Start Packager */,
				EFFA1F3CA157F5BDAB10C843 /* [Expo] Configure project */,
				13B07F871A680F5B00A75B9A /* Sources */,
				13B07F8E1A680F5B00A75B9A /* Resources */,
				13B07F8C1A680F5B00A75B9A /* Frameworks */,
				00DD1BFF1BD5951E006B06BC /* Bundle React Native code and images */,
				B4F48A60165B43B3BD16ACAF /* Upload Debug Symbols to Sentry */,
				8E3793782CA2790500D3A9B4 /* Embed Foundation Extensions */,
				505BAB192D4AB5CD00E383D3 /* Relocate assets */,
				1C2679E30805760F01A2BB37 /* [CP] Embed Pods Frameworks */,
				D82A646BB57C1BD158E1030F /* [CP] Copy Pods Resources */,
			);
			buildRules = (
			);
			dependencies = (
				8E3793742CA2788500D3A9B4 /* PBXTargetDependency */,
				8E3793772CA2790500D3A9B4 /* PBXTargetDependency */,
			);
			name = AvaxWallet;
			productName = AvaxWallet;
			productReference = 13B07F961A680F5B00A75B9A /* AvaxWallet.app */;
			productType = "com.apple.product-type.application";
		};
		815E550E2C92071A000F8E0F /* NotificationServiceExtensionInternal */ = {
			isa = PBXNativeTarget;
			buildConfigurationList = 815E55172C92071A000F8E0F /* Build configuration list for PBXNativeTarget "NotificationServiceExtensionInternal" */;
			buildPhases = (
				815E550B2C92071A000F8E0F /* Sources */,
				815E550C2C92071A000F8E0F /* Frameworks */,
				815E550D2C92071A000F8E0F /* Resources */,
			);
			buildRules = (
			);
			dependencies = (
			);
			name = NotificationServiceExtensionInternal;
			productName = NotificationServiceExtensionInternal;
			productReference = 815E550F2C92071A000F8E0F /* NotificationServiceExtensionInternal.appex */;
			productType = "com.apple.product-type.app-extension";
		};
		815E55442C94A396000F8E0F /* NotificationServiceExtension */ = {
			isa = PBXNativeTarget;
			buildConfigurationList = 815E554F2C94A397000F8E0F /* Build configuration list for PBXNativeTarget "NotificationServiceExtension" */;
			buildPhases = (
				815E55412C94A396000F8E0F /* Sources */,
				815E55422C94A396000F8E0F /* Frameworks */,
				815E55432C94A396000F8E0F /* Resources */,
			);
			buildRules = (
			);
			dependencies = (
			);
			name = NotificationServiceExtension;
			productName = NotificationServiceExtension;
			productReference = 815E55452C94A396000F8E0F /* NotificationServiceExtension.appex */;
			productType = "com.apple.product-type.app-extension";
		};
		8E858A5228AFD47300236EF2 /* AvaxWalletInternal */ = {
			isa = PBXNativeTarget;
			buildConfigurationList = 8E858A6328AFD47300236EF2 /* Build configuration list for PBXNativeTarget "AvaxWalletInternal" */;
			buildPhases = (
				9D68254D3FEDA4B13C42E695 /* [CP] Check Pods Manifest.lock */,
				8E858A5428AFD47300236EF2 /* Start Packager */,
				7C608EFDA163D625CE80CBE7 /* [Expo] Configure project */,
				8E858A5528AFD47300236EF2 /* Sources */,
				8E858A5728AFD47300236EF2 /* Frameworks */,
				8E858A5928AFD47300236EF2 /* Resources */,
				8E858A6028AFD47300236EF2 /* Bundle React Native code and images */,
				8E858A6828B3F10F00236EF2 /* Upload Debug Symbols to Sentry */,
				815E551A2C92071A000F8E0F /* Embed Foundation Extensions */,
				815E551D2C92197B000F8E0F /* CopyFiles */,
				505BAB182D4AB00800E383D3 /* Relocate assets */,
				18510B9DCFC9AB10EE6340EA /* [CP] Embed Pods Frameworks */,
				AFEACFCDC987E3E174210BD4 /* [CP] Copy Pods Resources */,
			);
			buildRules = (
			);
			dependencies = (
				815E55152C92071A000F8E0F /* PBXTargetDependency */,
				815E55202C921A9F000F8E0F /* PBXTargetDependency */,
				8E37937B2CA2790C00D3A9B4 /* PBXTargetDependency */,
			);
			name = AvaxWalletInternal;
			productName = AvaxWallet;
			productReference = 8E858A6628AFD47300236EF2 /* AvaxWalletInternal.app */;
			productType = "com.apple.product-type.application";
		};
/* End PBXNativeTarget section */

/* Begin PBXProject section */
		83CBB9F71A601CBA00E9B192 /* Project object */ = {
			isa = PBXProject;
			attributes = {
				LastSwiftUpdateCheck = 1520;
				LastUpgradeCheck = 1210;
				TargetAttributes = {
					13B07F861A680F5B00A75B9A = {
						LastSwiftMigration = 1320;
					};
					815E550E2C92071A000F8E0F = {
						CreatedOnToolsVersion = 15.2;
					};
					815E55442C94A396000F8E0F = {
						CreatedOnToolsVersion = 15.2;
					};
				};
			};
			buildConfigurationList = 83CBB9FA1A601CBA00E9B192 /* Build configuration list for PBXProject "AvaxWallet" */;
			compatibilityVersion = "Xcode 12.0";
			developmentRegion = en;
			hasScannedForEncodings = 0;
			knownRegions = (
				en,
				Base,
			);
			mainGroup = 83CBB9F61A601CBA00E9B192;
			productRefGroup = 83CBBA001A601CBA00E9B192 /* Products */;
			projectDirPath = "";
			projectRoot = "";
			targets = (
				13B07F861A680F5B00A75B9A /* AvaxWallet */,
				8E858A5228AFD47300236EF2 /* AvaxWalletInternal */,
				815E550E2C92071A000F8E0F /* NotificationServiceExtensionInternal */,
				815E55442C94A396000F8E0F /* NotificationServiceExtension */,
			);
		};
/* End PBXProject section */

/* Begin PBXResourcesBuildPhase section */
		13B07F8E1A680F5B00A75B9A /* Resources */ = {
			isa = PBXResourcesBuildPhase;
			buildActionMask = 2147483647;
			files = (
				8E80035A2CAAF3E400FFC562 /* Aeonik-Bold.otf in Resources */,
				8E80035B2CAAF3E400FFC562 /* Aeonik-Medium.otf in Resources */,
				8E80035C2CAAF3E400FFC562 /* DejaVuSansMono.ttf in Resources */,
				8E80035D2CAAF3E400FFC562 /* Inter-Bold.ttf in Resources */,
				8E80035E2CAAF3E400FFC562 /* Inter-ExtraBold.ttf in Resources */,
				8E80035F2CAAF3E400FFC562 /* Inter-Regular.ttf in Resources */,
				8E8003602CAAF3E400FFC562 /* Inter-SemiBold.ttf in Resources */,
				501C50832C35C63800DAFF77 /* core_send.wav in Resources */,
				0B36FA522CD3DD170030C8B9 /* core_receive.wav in Resources */,
				81ACC3932BD1B2860089FEBA /* BootSplash.storyboard in Resources */,
				13B07FBF1A68108700A75B9A /* Images.xcassets in Resources */,
				8EE9988B28B537A40088DE7C /* InfoRelease.plist in Resources */,
				0B73DE0B2C80D72900DED1DF /* GoogleService-Info.plist in Resources */,
				8EACAADB2BD84A3300A987BA /* PrivacyInfo.xcprivacy in Resources */,
			);
			runOnlyForDeploymentPostprocessing = 0;
		};
		815E550D2C92071A000F8E0F /* Resources */ = {
			isa = PBXResourcesBuildPhase;
			buildActionMask = 2147483647;
			files = (
			);
			runOnlyForDeploymentPostprocessing = 0;
		};
		815E55432C94A396000F8E0F /* Resources */ = {
			isa = PBXResourcesBuildPhase;
			buildActionMask = 2147483647;
			files = (
			);
			runOnlyForDeploymentPostprocessing = 0;
		};
		8E858A5928AFD47300236EF2 /* Resources */ = {
			isa = PBXResourcesBuildPhase;
			buildActionMask = 2147483647;
			files = (
				8E8003612CAAF3F100FFC562 /* Aeonik-Bold.otf in Resources */,
				8E8003622CAAF3F100FFC562 /* Aeonik-Medium.otf in Resources */,
				8E8003632CAAF3F100FFC562 /* DejaVuSansMono.ttf in Resources */,
				8E8003642CAAF3F100FFC562 /* Inter-Bold.ttf in Resources */,
				8E8003652CAAF3F100FFC562 /* Inter-ExtraBold.ttf in Resources */,
				8E8003662CAAF3F100FFC562 /* Inter-Regular.ttf in Resources */,
				8E8003672CAAF3F100FFC562 /* Inter-SemiBold.ttf in Resources */,
				5084807F2C3C3E78008762B2 /* core_send.wav in Resources */,
				0B36FA532CD3DD170030C8B9 /* core_receive.wav in Resources */,
				81ACC3942BD1B2860089FEBA /* BootSplash.storyboard in Resources */,
				8E858A5E28AFD47300236EF2 /* Images.xcassets in Resources */,
				8EE9988C28B537A40088DE7C /* InfoRelease.plist in Resources */,
				0B73DE0C2C80D72900DED1DF /* GoogleService-Info.plist in Resources */,
				8EACAADC2BD84A3300A987BA /* PrivacyInfo.xcprivacy in Resources */,
			);
			runOnlyForDeploymentPostprocessing = 0;
		};
/* End PBXResourcesBuildPhase section */

/* Begin PBXShellScriptBuildPhase section */
		00DD1BFF1BD5951E006B06BC /* Bundle React Native code and images */ = {
			isa = PBXShellScriptBuildPhase;
			buildActionMask = 2147483647;
			files = (
			);
			inputPaths = (
				"$(SRCROOT)/.xcode.env",
			);
			name = "Bundle React Native code and images";
			outputPaths = (
			);
			runOnlyForDeploymentPostprocessing = 0;
			shellPath = /bin/sh;
			shellScript = "set -e\n\nWITH_ENVIRONMENT=\"../node_modules/react-native/scripts/xcode/with-environment.sh\"\nREACT_NATIVE_XCODE=\"../node_modules/react-native/scripts/react-native-xcode.sh\"\n\n/bin/sh -c \"$WITH_ENVIRONMENT \\\"/bin/sh ../node_modules/@sentry/react-native/scripts/sentry-xcode.sh $REACT_NATIVE_XCODE\\\"\"\n";
		};
		18510B9DCFC9AB10EE6340EA /* [CP] Embed Pods Frameworks */ = {
			isa = PBXShellScriptBuildPhase;
			buildActionMask = 2147483647;
			files = (
			);
			inputFileListPaths = (
				"${PODS_ROOT}/Target Support Files/Pods-common-AvaxWalletInternal/Pods-common-AvaxWalletInternal-frameworks-${CONFIGURATION}-input-files.xcfilelist",
			);
			inputPaths = (
			);
			name = "[CP] Embed Pods Frameworks";
			outputFileListPaths = (
				"${PODS_ROOT}/Target Support Files/Pods-common-AvaxWalletInternal/Pods-common-AvaxWalletInternal-frameworks-${CONFIGURATION}-output-files.xcfilelist",
			);
			outputPaths = (
			);
			runOnlyForDeploymentPostprocessing = 0;
			shellPath = /bin/sh;
			shellScript = "\"${PODS_ROOT}/Target Support Files/Pods-common-AvaxWalletInternal/Pods-common-AvaxWalletInternal-frameworks.sh\"\n";
			showEnvVarsInLog = 0;
		};
		1C2679E30805760F01A2BB37 /* [CP] Embed Pods Frameworks */ = {
			isa = PBXShellScriptBuildPhase;
			buildActionMask = 2147483647;
			files = (
			);
			inputFileListPaths = (
				"${PODS_ROOT}/Target Support Files/Pods-common-AvaxWallet/Pods-common-AvaxWallet-frameworks-${CONFIGURATION}-input-files.xcfilelist",
			);
			name = "[CP] Embed Pods Frameworks";
			outputFileListPaths = (
				"${PODS_ROOT}/Target Support Files/Pods-common-AvaxWallet/Pods-common-AvaxWallet-frameworks-${CONFIGURATION}-output-files.xcfilelist",
			);
			runOnlyForDeploymentPostprocessing = 0;
			shellPath = /bin/sh;
			shellScript = "\"${PODS_ROOT}/Target Support Files/Pods-common-AvaxWallet/Pods-common-AvaxWallet-frameworks.sh\"\n";
			showEnvVarsInLog = 0;
		};
		505BAB182D4AB00800E383D3 /* Relocate assets */ = {
			isa = PBXShellScriptBuildPhase;
			buildActionMask = 2147483647;
			files = (
			);
			inputFileListPaths = (
			);
			inputPaths = (
			);
			name = "Relocate assets";
			outputFileListPaths = (
			);
			outputPaths = (
			);
			runOnlyForDeploymentPostprocessing = 0;
			shellPath = /bin/sh;
			shellScript = "#!/bin/bash\n\nAPP_BUNDLE_PATH=\"${TARGET_BUILD_DIR}/${WRAPPER_NAME}\"\nSOURCE_DIR=\"${APP_BUNDLE_PATH}/assets/packages/core-mobile\"\nDEST_DIR=\"${APP_BUNDLE_PATH}/assets\"\n\necho \"📂 Copying assets from ${SOURCE_DIR} to ${DEST_DIR}...\"\n\nmkdir -p \"${DEST_DIR}\"\n\nmv \"${SOURCE_DIR}\"/* \"${DEST_DIR}/\"\n\nrm -rf \"${SOURCE_DIR}\"\n\necho \"✅ Assets copied successfully!\"\n";
		};
		505BAB192D4AB5CD00E383D3 /* Relocate assets */ = {
			isa = PBXShellScriptBuildPhase;
			buildActionMask = 2147483647;
			files = (
			);
			inputFileListPaths = (
			);
			inputPaths = (
			);
			name = "Relocate assets";
			outputFileListPaths = (
			);
			outputPaths = (
			);
			runOnlyForDeploymentPostprocessing = 0;
			shellPath = /bin/sh;
			shellScript = "#!/bin/bash\n\nAPP_BUNDLE_PATH=\"${TARGET_BUILD_DIR}/${WRAPPER_NAME}\"\nSOURCE_DIR=\"${APP_BUNDLE_PATH}/assets/packages/core-mobile\"\nDEST_DIR=\"${APP_BUNDLE_PATH}/assets\"\n\necho \"📂 Copying assets from ${SOURCE_DIR} to ${DEST_DIR}...\"\n\nmkdir -p \"${DEST_DIR}\"\n\nmv \"${SOURCE_DIR}\"/* \"${DEST_DIR}/\"\n\nrm -rf \"${SOURCE_DIR}\"\n\necho \"✅ Assets copied successfully!\"\n";
		};
		5602960B24A2A6CEAB36203E /* [CP] Check Pods Manifest.lock */ = {
			isa = PBXShellScriptBuildPhase;
			buildActionMask = 2147483647;
			files = (
			);
			inputFileListPaths = (
			);
			inputPaths = (
				"${PODS_PODFILE_DIR_PATH}/Podfile.lock",
				"${PODS_ROOT}/Manifest.lock",
			);
			name = "[CP] Check Pods Manifest.lock";
			outputFileListPaths = (
			);
			outputPaths = (
				"$(DERIVED_FILE_DIR)/Pods-common-AvaxWallet-checkManifestLockResult.txt",
			);
			runOnlyForDeploymentPostprocessing = 0;
			shellPath = /bin/sh;
			shellScript = "diff \"${PODS_PODFILE_DIR_PATH}/Podfile.lock\" \"${PODS_ROOT}/Manifest.lock\" > /dev/null\nif [ $? != 0 ] ; then\n    # print error to STDERR\n    echo \"error: The sandbox is not in sync with the Podfile.lock. Run 'pod install' or update your CocoaPods installation.\" >&2\n    exit 1\nfi\n# This output is used by Xcode 'outputs' to avoid re-running this script phase.\necho \"SUCCESS\" > \"${SCRIPT_OUTPUT_FILE_0}\"\n";
			showEnvVarsInLog = 0;
		};
		7C608EFDA163D625CE80CBE7 /* [Expo] Configure project */ = {
			isa = PBXShellScriptBuildPhase;
			alwaysOutOfDate = 1;
			buildActionMask = 2147483647;
			files = (
			);
			inputFileListPaths = (
			);
			inputPaths = (
			);
			name = "[Expo] Configure project";
			outputFileListPaths = (
			);
			outputPaths = (
			);
			runOnlyForDeploymentPostprocessing = 0;
			shellPath = /bin/sh;
			shellScript = "# This script configures Expo modules and generates the modules provider file.\nbash -l -c \"./Pods/Target\\ Support\\ Files/Pods-common-AvaxWalletInternal/expo-configure-project.sh\"\n";
		};
		8E858A5428AFD47300236EF2 /* Start Packager */ = {
			isa = PBXShellScriptBuildPhase;
			buildActionMask = 2147483647;
			files = (
			);
			inputFileListPaths = (
			);
			inputPaths = (
			);
			name = "Start Packager";
			outputFileListPaths = (
			);
			outputPaths = (
			);
			runOnlyForDeploymentPostprocessing = 0;
			shellPath = /bin/sh;
			shellScript = "export RCT_METRO_PORT=\"${RCT_METRO_PORT:=8081}\"\necho \"export RCT_METRO_PORT=${RCT_METRO_PORT}\" > \"${SRCROOT}/../node_modules/react-native/scripts/.packager.env\"\nif [ -z \"${RCT_NO_LAUNCH_PACKAGER+xxx}\" ] ; then\n  if nc -w 5 -z localhost ${RCT_METRO_PORT} ; then\n    if ! curl -s \"http://localhost:${RCT_METRO_PORT}/status\" | grep -q \"packager-status:running\" ; then\n      echo \"Port ${RCT_METRO_PORT} already in use, packager is either not running or not running correctly\"\n      exit 2\n    fi\n  else\n    open \"$SRCROOT/../node_modules/react-native/scripts/launchPackager.command\" || echo \"Can't start packager automatically\"\n  fi\nfi\n";
			showEnvVarsInLog = 0;
		};
		8E858A6028AFD47300236EF2 /* Bundle React Native code and images */ = {
			isa = PBXShellScriptBuildPhase;
			buildActionMask = 2147483647;
			files = (
			);
			inputPaths = (
			);
			name = "Bundle React Native code and images";
			outputPaths = (
			);
			runOnlyForDeploymentPostprocessing = 0;
			shellPath = /bin/sh;
			shellScript = "set -e\n\nWITH_ENVIRONMENT=\"../node_modules/react-native/scripts/xcode/with-environment.sh\"\nREACT_NATIVE_XCODE=\"../node_modules/react-native/scripts/react-native-xcode.sh\"\n\n/bin/sh -c \"$WITH_ENVIRONMENT \\\"/bin/sh ../node_modules/@sentry/react-native/scripts/sentry-xcode.sh $REACT_NATIVE_XCODE\\\"\"\n";
		};
		8E858A6828B3F10F00236EF2 /* Upload Debug Symbols to Sentry */ = {
			isa = PBXShellScriptBuildPhase;
			buildActionMask = 2147483647;
			files = (
			);
			inputFileListPaths = (
			);
			inputPaths = (
			);
			name = "Upload Debug Symbols to Sentry";
			outputFileListPaths = (
			);
			outputPaths = (
			);
			runOnlyForDeploymentPostprocessing = 0;
			shellPath = /bin/sh;
			shellScript = "export SENTRY_PROPERTIES=sentry.properties\n../node_modules/@sentry/cli/bin/sentry-cli upload-dsym\n";
		};
		9D68254D3FEDA4B13C42E695 /* [CP] Check Pods Manifest.lock */ = {
			isa = PBXShellScriptBuildPhase;
			buildActionMask = 2147483647;
			files = (
			);
			inputFileListPaths = (
			);
			inputPaths = (
				"${PODS_PODFILE_DIR_PATH}/Podfile.lock",
				"${PODS_ROOT}/Manifest.lock",
			);
			name = "[CP] Check Pods Manifest.lock";
			outputFileListPaths = (
			);
			outputPaths = (
				"$(DERIVED_FILE_DIR)/Pods-common-AvaxWalletInternal-checkManifestLockResult.txt",
			);
			runOnlyForDeploymentPostprocessing = 0;
			shellPath = /bin/sh;
			shellScript = "diff \"${PODS_PODFILE_DIR_PATH}/Podfile.lock\" \"${PODS_ROOT}/Manifest.lock\" > /dev/null\nif [ $? != 0 ] ; then\n    # print error to STDERR\n    echo \"error: The sandbox is not in sync with the Podfile.lock. Run 'pod install' or update your CocoaPods installation.\" >&2\n    exit 1\nfi\n# This output is used by Xcode 'outputs' to avoid re-running this script phase.\necho \"SUCCESS\" > \"${SCRIPT_OUTPUT_FILE_0}\"\n";
			showEnvVarsInLog = 0;
		};
		AFEACFCDC987E3E174210BD4 /* [CP] Copy Pods Resources */ = {
			isa = PBXShellScriptBuildPhase;
			buildActionMask = 2147483647;
			files = (
			);
			inputFileListPaths = (
				"${PODS_ROOT}/Target Support Files/Pods-common-AvaxWalletInternal/Pods-common-AvaxWalletInternal-resources-${CONFIGURATION}-input-files.xcfilelist",
			);
			name = "[CP] Copy Pods Resources";
			outputFileListPaths = (
				"${PODS_ROOT}/Target Support Files/Pods-common-AvaxWalletInternal/Pods-common-AvaxWalletInternal-resources-${CONFIGURATION}-output-files.xcfilelist",
			);
			runOnlyForDeploymentPostprocessing = 0;
			shellPath = /bin/sh;
			shellScript = "\"${PODS_ROOT}/Target Support Files/Pods-common-AvaxWalletInternal/Pods-common-AvaxWalletInternal-resources.sh\"\n";
			showEnvVarsInLog = 0;
		};
		B4F48A60165B43B3BD16ACAF /* Upload Debug Symbols to Sentry */ = {
			isa = PBXShellScriptBuildPhase;
			buildActionMask = 2147483647;
			files = (
			);
			inputPaths = (
			);
			name = "Upload Debug Symbols to Sentry";
			outputPaths = (
			);
			runOnlyForDeploymentPostprocessing = 0;
			shellPath = /bin/sh;
			shellScript = "/bin/sh ../node_modules/@sentry/react-native/scripts/sentry-xcode-debug-files.sh\n";
		};
		D82A646BB57C1BD158E1030F /* [CP] Copy Pods Resources */ = {
			isa = PBXShellScriptBuildPhase;
			buildActionMask = 2147483647;
			files = (
			);
			inputFileListPaths = (
				"${PODS_ROOT}/Target Support Files/Pods-common-AvaxWallet/Pods-common-AvaxWallet-resources-${CONFIGURATION}-input-files.xcfilelist",
			);
			inputPaths = (
			);
			name = "[CP] Copy Pods Resources";
			outputFileListPaths = (
				"${PODS_ROOT}/Target Support Files/Pods-common-AvaxWallet/Pods-common-AvaxWallet-resources-${CONFIGURATION}-output-files.xcfilelist",
			);
			outputPaths = (
			);
			runOnlyForDeploymentPostprocessing = 0;
			shellPath = /bin/sh;
			shellScript = "\"${PODS_ROOT}/Target Support Files/Pods-common-AvaxWallet/Pods-common-AvaxWallet-resources.sh\"\n";
			showEnvVarsInLog = 0;
		};
		EFFA1F3CA157F5BDAB10C843 /* [Expo] Configure project */ = {
			isa = PBXShellScriptBuildPhase;
			alwaysOutOfDate = 1;
			buildActionMask = 2147483647;
			files = (
			);
			inputFileListPaths = (
			);
			inputPaths = (
			);
			name = "[Expo] Configure project";
			outputFileListPaths = (
			);
			outputPaths = (
			);
			runOnlyForDeploymentPostprocessing = 0;
			shellPath = /bin/sh;
			shellScript = "# This script configures Expo modules and generates the modules provider file.\nbash -l -c \"./Pods/Target\\ Support\\ Files/Pods-common-AvaxWallet/expo-configure-project.sh\"\n";
		};
		FD10A7F022414F080027D42C /* Start Packager */ = {
			isa = PBXShellScriptBuildPhase;
			buildActionMask = 2147483647;
			files = (
			);
			inputFileListPaths = (
			);
			inputPaths = (
			);
			name = "Start Packager";
			outputFileListPaths = (
			);
			outputPaths = (
			);
			runOnlyForDeploymentPostprocessing = 0;
			shellPath = /bin/sh;
			shellScript = "export RCT_METRO_PORT=\"${RCT_METRO_PORT:=8081}\"\necho \"export RCT_METRO_PORT=${RCT_METRO_PORT}\" > \"${SRCROOT}/../node_modules/react-native/scripts/.packager.env\"\nif [ -z \"${RCT_NO_LAUNCH_PACKAGER+xxx}\" ] ; then\n  if nc -w 5 -z localhost ${RCT_METRO_PORT} ; then\n    if ! curl -s \"http://localhost:${RCT_METRO_PORT}/status\" | grep -q \"packager-status:running\" ; then\n      echo \"Port ${RCT_METRO_PORT} already in use, packager is either not running or not running correctly\"\n      exit 2\n    fi\n  else\n    open \"$SRCROOT/../node_modules/react-native/scripts/launchPackager.command\" || echo \"Can't start packager automatically\"\n  fi\nfi\n";
			showEnvVarsInLog = 0;
		};
/* End PBXShellScriptBuildPhase section */

/* Begin PBXSourcesBuildPhase section */
		13B07F871A680F5B00A75B9A /* Sources */ = {
			isa = PBXSourcesBuildPhase;
			buildActionMask = 2147483647;
			files = (
				8EA4B4D128EF9B4D00A06DBA /* AppDelegate.swift in Sources */,
				A96E77CAD2ABB49A6ACACD2C /* ExpoModulesProvider.swift in Sources */,
			);
			runOnlyForDeploymentPostprocessing = 0;
		};
		815E550B2C92071A000F8E0F /* Sources */ = {
			isa = PBXSourcesBuildPhase;
			buildActionMask = 2147483647;
			files = (
				815E55532C989231000F8E0F /* NotificationService.swift in Sources */,
			);
			runOnlyForDeploymentPostprocessing = 0;
		};
		815E55412C94A396000F8E0F /* Sources */ = {
			isa = PBXSourcesBuildPhase;
			buildActionMask = 2147483647;
			files = (
				815E55482C94A396000F8E0F /* NotificationService.swift in Sources */,
			);
			runOnlyForDeploymentPostprocessing = 0;
		};
		8E858A5528AFD47300236EF2 /* Sources */ = {
			isa = PBXSourcesBuildPhase;
			buildActionMask = 2147483647;
			files = (
				8EA3A01428EF82E100F753C2 /* AppDelegate.swift in Sources */,
				C7062D69B313585A64C52506 /* ExpoModulesProvider.swift in Sources */,
			);
			runOnlyForDeploymentPostprocessing = 0;
		};
/* End PBXSourcesBuildPhase section */

/* Begin PBXTargetDependency section */
		815E55152C92071A000F8E0F /* PBXTargetDependency */ = {
			isa = PBXTargetDependency;
			target = 815E550E2C92071A000F8E0F /* NotificationServiceExtensionInternal */;
			targetProxy = 815E55142C92071A000F8E0F /* PBXContainerItemProxy */;
		};
		815E55202C921A9F000F8E0F /* PBXTargetDependency */ = {
			isa = PBXTargetDependency;
			target = 815E550E2C92071A000F8E0F /* NotificationServiceExtensionInternal */;
			targetProxy = 815E551F2C921A9F000F8E0F /* PBXContainerItemProxy */;
		};
		8E3793742CA2788500D3A9B4 /* PBXTargetDependency */ = {
			isa = PBXTargetDependency;
			target = 815E55442C94A396000F8E0F /* NotificationServiceExtension */;
			targetProxy = 8E3793732CA2788500D3A9B4 /* PBXContainerItemProxy */;
		};
		8E3793772CA2790500D3A9B4 /* PBXTargetDependency */ = {
			isa = PBXTargetDependency;
			target = 815E55442C94A396000F8E0F /* NotificationServiceExtension */;
			targetProxy = 8E3793762CA2790500D3A9B4 /* PBXContainerItemProxy */;
		};
		8E37937B2CA2790C00D3A9B4 /* PBXTargetDependency */ = {
			isa = PBXTargetDependency;
			target = 815E550E2C92071A000F8E0F /* NotificationServiceExtensionInternal */;
			targetProxy = 8E37937A2CA2790C00D3A9B4 /* PBXContainerItemProxy */;
		};
/* End PBXTargetDependency section */

/* Begin XCBuildConfiguration section */
		13B07F941A680F5B00A75B9A /* Debug */ = {
			isa = XCBuildConfiguration;
			baseConfigurationReference = 3DABA85FC8718B3DA5932E5D /* Pods-common-AvaxWallet.debug.xcconfig */;
			buildSettings = {
				ASSETCATALOG_COMPILER_APPICON_NAME = AppIcon;
				CLANG_ENABLE_MODULES = YES;
				CODE_SIGN_ENTITLEMENTS = AvaxWallet/AvaxWallet.entitlements;
				CODE_SIGN_IDENTITY = "Apple Development";
				CODE_SIGN_STYLE = Automatic;
				CURRENT_PROJECT_VERSION = 1;
				DEVELOPMENT_TEAM = U57DXD258P;
				DISPLAY_NAME = Core;
				ENABLE_BITCODE = NO;
				ENABLE_HARDENED_RUNTIME = NO;
				INFOPLIST_FILE = AvaxWallet/Info.plist;
				IPHONEOS_DEPLOYMENT_TARGET = 15.1;
				LD_RUNPATH_SEARCH_PATHS = (
					"$(inherited)",
					"@executable_path/Frameworks",
				);
				MARKETING_VERSION = 0.0.0;
				OTHER_CPLUSPLUSFLAGS = (
					"$(OTHER_CFLAGS)",
					"-DFOLLY_NO_CONFIG",
					"-DFOLLY_MOBILE=1",
					"-DFOLLY_USE_LIBCPP=1",
				);
				OTHER_LDFLAGS = (
					"$(inherited)",
					"-ObjC",
					"-lc++",
				);
				OTHER_SWIFT_FLAGS = "$(inherited) -D EXPO_CONFIGURATION_DEBUG";
				PRODUCT_BUNDLE_IDENTIFIER = org.avalabs.corewallet;
				PRODUCT_NAME = AvaxWallet;
				PROVISIONING_PROFILE_SPECIFIER = "";
				SWIFT_OBJC_BRIDGING_HEADER = "AvaxWallet-Bridging-Header.h";
				SWIFT_OPTIMIZATION_LEVEL = "-Onone";
				SWIFT_VERSION = 5.0;
				VERSIONING_SYSTEM = "apple-generic";
			};
			name = Debug;
		};
		13B07F951A680F5B00A75B9A /* Release */ = {
			isa = XCBuildConfiguration;
			baseConfigurationReference = 7CA105A259461A15C6B2A56F /* Pods-common-AvaxWallet.release.xcconfig */;
			buildSettings = {
				ASSETCATALOG_COMPILER_APPICON_NAME = AppIcon;
				CLANG_ENABLE_MODULES = YES;
				CODE_SIGN_ENTITLEMENTS = AvaxWallet/AvaxWalletRelease.entitlements;
				CODE_SIGN_STYLE = Manual;
				CURRENT_PROJECT_VERSION = 1;
				DEVELOPMENT_TEAM = U57DXD258P;
				DISPLAY_NAME = Core;
				ENABLE_BITCODE = NO;
				ENABLE_HARDENED_RUNTIME = YES;
				FRAMEWORK_SEARCH_PATHS = (
					"$(inherited)",
					"\"${PODS_ROOT}/OpenSSL-Universal/Frameworks\"",
					"\"${PODS_XCFRAMEWORKS_BUILD_DIR}/OpenSSL-Universal\"",
				);
				INFOPLIST_FILE = AvaxWallet/InfoRelease.plist;
				IPHONEOS_DEPLOYMENT_TARGET = 15.1;
				LD_RUNPATH_SEARCH_PATHS = (
					"$(inherited)",
					"@executable_path/Frameworks",
				);
				MARKETING_VERSION = 0.0.0;
				OTHER_CPLUSPLUSFLAGS = (
					"$(OTHER_CFLAGS)",
					"-DFOLLY_NO_CONFIG",
					"-DFOLLY_MOBILE=1",
					"-DFOLLY_USE_LIBCPP=1",
				);
				OTHER_LDFLAGS = (
					"$(inherited)",
					"-ObjC",
					"-lc++",
				);
				OTHER_SWIFT_FLAGS = "$(inherited) -D EXPO_CONFIGURATION_RELEASE";
				PRODUCT_BUNDLE_IDENTIFIER = org.avalabs.corewallet;
				PRODUCT_NAME = AvaxWallet;
				PROVISIONING_PROFILE_SPECIFIER = "Bitrise iOS app-store - (org.avalabs.corewallet)";
				SWIFT_OBJC_BRIDGING_HEADER = "AvaxWallet-Bridging-Header.h";
				SWIFT_VERSION = 5.0;
				VERSIONING_SYSTEM = "apple-generic";
			};
			name = Release;
		};
		815E55182C92071A000F8E0F /* Debug */ = {
			isa = XCBuildConfiguration;
			buildSettings = {
				ASSETCATALOG_COMPILER_GENERATE_SWIFT_ASSET_SYMBOL_EXTENSIONS = YES;
				CLANG_ANALYZER_NONNULL = YES;
				CLANG_ANALYZER_NUMBER_OBJECT_CONVERSION = YES_AGGRESSIVE;
				CLANG_CXX_LANGUAGE_STANDARD = "gnu++20";
				CLANG_ENABLE_OBJC_WEAK = YES;
				CLANG_WARN_DOCUMENTATION_COMMENTS = YES;
				CLANG_WARN_UNGUARDED_AVAILABILITY = YES_AGGRESSIVE;
				CODE_SIGN_ENTITLEMENTS = NotificationServiceExtensionInternal/NotificationServiceExtensionInternal.entitlements;
				CODE_SIGN_IDENTITY = "Apple Development";
				CODE_SIGN_STYLE = Automatic;
				CURRENT_PROJECT_VERSION = 1;
				DEBUG_INFORMATION_FORMAT = dwarf;
				DEVELOPMENT_TEAM = U57DXD258P;
				ENABLE_USER_SCRIPT_SANDBOXING = YES;
				GCC_C_LANGUAGE_STANDARD = gnu17;
				GCC_PREPROCESSOR_DEFINITIONS = (
					"DEBUG=1",
					"$(inherited)",
				);
				INFOPLIST_FILE = NotificationServiceExtensionInternal/Info.plist;
				INFOPLIST_KEY_CFBundleDisplayName = NotificationServiceExtensionInternal;
				INFOPLIST_KEY_NSHumanReadableCopyright = "";
				IPHONEOS_DEPLOYMENT_TARGET = 15.1;
				LD_RUNPATH_SEARCH_PATHS = (
					"$(inherited)",
					"@executable_path/Frameworks",
					"@executable_path/../../Frameworks",
				);
				LOCALIZATION_PREFERS_STRING_CATALOGS = YES;
				MARKETING_VERSION = 0.0.0;
				MTL_ENABLE_DEBUG_INFO = INCLUDE_SOURCE;
				MTL_FAST_MATH = YES;
				OTHER_SWIFT_FLAGS = "$(inherited) -D EXPO_CONFIGURATION_DEBUG";
				PRODUCT_BUNDLE_IDENTIFIER = org.avalabs.avaxwallet.internal.NotificationServiceExtensionInternal;
				PRODUCT_NAME = "$(TARGET_NAME)";
				SKIP_INSTALL = YES;
				SWIFT_ACTIVE_COMPILATION_CONDITIONS = "DEBUG $(inherited)";
				SWIFT_EMIT_LOC_STRINGS = YES;
				SWIFT_OPTIMIZATION_LEVEL = "-Onone";
				SWIFT_VERSION = 5.0;
				TARGETED_DEVICE_FAMILY = "1,2";
				VERSIONING_SYSTEM = "apple-generic";
			};
			name = Debug;
		};
		815E55192C92071A000F8E0F /* Release */ = {
			isa = XCBuildConfiguration;
			buildSettings = {
				ASSETCATALOG_COMPILER_GENERATE_SWIFT_ASSET_SYMBOL_EXTENSIONS = YES;
				CLANG_ANALYZER_NONNULL = YES;
				CLANG_ANALYZER_NUMBER_OBJECT_CONVERSION = YES_AGGRESSIVE;
				CLANG_CXX_LANGUAGE_STANDARD = "gnu++20";
				CLANG_ENABLE_OBJC_WEAK = YES;
				CLANG_WARN_DOCUMENTATION_COMMENTS = YES;
				CLANG_WARN_UNGUARDED_AVAILABILITY = YES_AGGRESSIVE;
				CODE_SIGN_ENTITLEMENTS = NotificationServiceExtensionInternal/NotificationServiceExtensionInternal.entitlements;
				CODE_SIGN_STYLE = Manual;
				COPY_PHASE_STRIP = NO;
				CURRENT_PROJECT_VERSION = 1;
				DEBUG_INFORMATION_FORMAT = "dwarf-with-dsym";
				DEVELOPMENT_TEAM = "";
				"DEVELOPMENT_TEAM[sdk=iphoneos*]" = U57DXD258P;
				ENABLE_USER_SCRIPT_SANDBOXING = YES;
				GCC_C_LANGUAGE_STANDARD = gnu17;
				INFOPLIST_FILE = NotificationServiceExtensionInternal/Info.plist;
				INFOPLIST_KEY_CFBundleDisplayName = NotificationServiceExtensionInternal;
				INFOPLIST_KEY_NSHumanReadableCopyright = "";
				IPHONEOS_DEPLOYMENT_TARGET = 15.1;
				LD_RUNPATH_SEARCH_PATHS = (
					"$(inherited)",
					"@executable_path/Frameworks",
					"@executable_path/../../Frameworks",
				);
				LOCALIZATION_PREFERS_STRING_CATALOGS = YES;
				MARKETING_VERSION = 0.0.0;
				MTL_FAST_MATH = YES;
				OTHER_SWIFT_FLAGS = "$(inherited) -D EXPO_CONFIGURATION_RELEASE";
				PRODUCT_BUNDLE_IDENTIFIER = org.avalabs.avaxwallet.internal.NotificationServiceExtensionInternal;
				PRODUCT_NAME = "$(TARGET_NAME)";
				PROVISIONING_PROFILE_SPECIFIER = "";
				"PROVISIONING_PROFILE_SPECIFIER[sdk=iphoneos*]" = "Bitrise iOS app-store - (org.avalabs.avaxwallet.internal.NotificationServiceExtensionInternal)";
				SKIP_INSTALL = YES;
				SWIFT_COMPILATION_MODE = wholemodule;
				SWIFT_EMIT_LOC_STRINGS = YES;
				SWIFT_VERSION = 5.0;
				TARGETED_DEVICE_FAMILY = "1,2";
				VERSIONING_SYSTEM = "apple-generic";
			};
			name = Release;
		};
		815E554D2C94A397000F8E0F /* Debug */ = {
			isa = XCBuildConfiguration;
			buildSettings = {
				ASSETCATALOG_COMPILER_GENERATE_SWIFT_ASSET_SYMBOL_EXTENSIONS = YES;
				CLANG_ANALYZER_NONNULL = YES;
				CLANG_ANALYZER_NUMBER_OBJECT_CONVERSION = YES_AGGRESSIVE;
				CLANG_CXX_LANGUAGE_STANDARD = "gnu++20";
				CLANG_ENABLE_OBJC_WEAK = YES;
				CLANG_WARN_DOCUMENTATION_COMMENTS = YES;
				CLANG_WARN_UNGUARDED_AVAILABILITY = YES_AGGRESSIVE;
				CODE_SIGN_ENTITLEMENTS = NotificationServiceExtension/NotificationServiceExtension.entitlements;
				CODE_SIGN_IDENTITY = "Apple Development";
				CODE_SIGN_STYLE = Automatic;
				CURRENT_PROJECT_VERSION = 1;
				DEBUG_INFORMATION_FORMAT = dwarf;
				DEVELOPMENT_TEAM = U57DXD258P;
				ENABLE_USER_SCRIPT_SANDBOXING = YES;
				GCC_C_LANGUAGE_STANDARD = gnu17;
				GCC_PREPROCESSOR_DEFINITIONS = (
					"DEBUG=1",
					"$(inherited)",
				);
				INFOPLIST_FILE = NotificationServiceExtension/Info.plist;
				INFOPLIST_KEY_CFBundleDisplayName = NotificationServiceExtension;
				INFOPLIST_KEY_NSHumanReadableCopyright = "";
				IPHONEOS_DEPLOYMENT_TARGET = 15.1;
				LD_RUNPATH_SEARCH_PATHS = (
					"$(inherited)",
					"@executable_path/Frameworks",
					"@executable_path/../../Frameworks",
				);
				LOCALIZATION_PREFERS_STRING_CATALOGS = YES;
				MARKETING_VERSION = 0.0.0;
				MTL_ENABLE_DEBUG_INFO = INCLUDE_SOURCE;
				MTL_FAST_MATH = YES;
				OTHER_SWIFT_FLAGS = "$(inherited) -D EXPO_CONFIGURATION_DEBUG";
				PRODUCT_BUNDLE_IDENTIFIER = org.avalabs.corewallet.NotificationServiceExtension;
				PRODUCT_NAME = "$(TARGET_NAME)";
				SKIP_INSTALL = YES;
				SWIFT_ACTIVE_COMPILATION_CONDITIONS = "DEBUG $(inherited)";
				SWIFT_EMIT_LOC_STRINGS = YES;
				SWIFT_OPTIMIZATION_LEVEL = "-Onone";
				SWIFT_VERSION = 5.0;
				TARGETED_DEVICE_FAMILY = "1,2";
				VERSIONING_SYSTEM = "apple-generic";
			};
			name = Debug;
		};
		815E554E2C94A397000F8E0F /* Release */ = {
			isa = XCBuildConfiguration;
			buildSettings = {
				ASSETCATALOG_COMPILER_GENERATE_SWIFT_ASSET_SYMBOL_EXTENSIONS = YES;
				CLANG_ANALYZER_NONNULL = YES;
				CLANG_ANALYZER_NUMBER_OBJECT_CONVERSION = YES_AGGRESSIVE;
				CLANG_CXX_LANGUAGE_STANDARD = "gnu++20";
				CLANG_ENABLE_OBJC_WEAK = YES;
				CLANG_WARN_DOCUMENTATION_COMMENTS = YES;
				CLANG_WARN_UNGUARDED_AVAILABILITY = YES_AGGRESSIVE;
				CODE_SIGN_ENTITLEMENTS = NotificationServiceExtension/NotificationServiceExtension.entitlements;
				CODE_SIGN_STYLE = Manual;
				COPY_PHASE_STRIP = NO;
				CURRENT_PROJECT_VERSION = 1;
				DEBUG_INFORMATION_FORMAT = "dwarf-with-dsym";
				DEVELOPMENT_TEAM = "";
				"DEVELOPMENT_TEAM[sdk=iphoneos*]" = U57DXD258P;
				ENABLE_USER_SCRIPT_SANDBOXING = YES;
				GCC_C_LANGUAGE_STANDARD = gnu17;
				INFOPLIST_FILE = NotificationServiceExtension/Info.plist;
				INFOPLIST_KEY_CFBundleDisplayName = NotificationServiceExtension;
				INFOPLIST_KEY_NSHumanReadableCopyright = "";
				IPHONEOS_DEPLOYMENT_TARGET = 15.1;
				LD_RUNPATH_SEARCH_PATHS = (
					"$(inherited)",
					"@executable_path/Frameworks",
					"@executable_path/../../Frameworks",
				);
				LOCALIZATION_PREFERS_STRING_CATALOGS = YES;
				MARKETING_VERSION = 0.0.0;
				MTL_FAST_MATH = YES;
				OTHER_SWIFT_FLAGS = "$(inherited) -D EXPO_CONFIGURATION_RELEASE";
				PRODUCT_BUNDLE_IDENTIFIER = org.avalabs.corewallet.NotificationServiceExtension;
				PRODUCT_NAME = "$(TARGET_NAME)";
				PROVISIONING_PROFILE_SPECIFIER = "";
				"PROVISIONING_PROFILE_SPECIFIER[sdk=iphoneos*]" = "Bitrise iOS app-store - (org.avalabs.corewallet.NotificationServiceExtension)";
				SKIP_INSTALL = YES;
				SWIFT_COMPILATION_MODE = wholemodule;
				SWIFT_EMIT_LOC_STRINGS = YES;
				SWIFT_VERSION = 5.0;
				TARGETED_DEVICE_FAMILY = "1,2";
				VERSIONING_SYSTEM = "apple-generic";
			};
			name = Release;
		};
		83CBBA201A601CBA00E9B192 /* Debug */ = {
			isa = XCBuildConfiguration;
			buildSettings = {
				ALWAYS_SEARCH_USER_PATHS = NO;
				CLANG_ANALYZER_LOCALIZABILITY_NONLOCALIZED = YES;
				CLANG_CXX_LANGUAGE_STANDARD = "c++20";
				CLANG_CXX_LIBRARY = "libc++";
				CLANG_ENABLE_MODULES = YES;
				CLANG_ENABLE_OBJC_ARC = YES;
				CLANG_WARN_BLOCK_CAPTURE_AUTORELEASING = YES;
				CLANG_WARN_BOOL_CONVERSION = YES;
				CLANG_WARN_COMMA = YES;
				CLANG_WARN_CONSTANT_CONVERSION = YES;
				CLANG_WARN_DEPRECATED_OBJC_IMPLEMENTATIONS = YES;
				CLANG_WARN_DIRECT_OBJC_ISA_USAGE = YES_ERROR;
				CLANG_WARN_EMPTY_BODY = YES;
				CLANG_WARN_ENUM_CONVERSION = YES;
				CLANG_WARN_INFINITE_RECURSION = YES;
				CLANG_WARN_INT_CONVERSION = YES;
				CLANG_WARN_NON_LITERAL_NULL_CONVERSION = YES;
				CLANG_WARN_OBJC_IMPLICIT_RETAIN_SELF = YES;
				CLANG_WARN_OBJC_LITERAL_CONVERSION = YES;
				CLANG_WARN_OBJC_ROOT_CLASS = YES_ERROR;
				CLANG_WARN_QUOTED_INCLUDE_IN_FRAMEWORK_HEADER = YES;
				CLANG_WARN_RANGE_LOOP_ANALYSIS = YES;
				CLANG_WARN_STRICT_PROTOTYPES = YES;
				CLANG_WARN_SUSPICIOUS_MOVE = YES;
				CLANG_WARN_UNREACHABLE_CODE = YES;
				CLANG_WARN__DUPLICATE_METHOD_MATCH = YES;
				"CODE_SIGN_IDENTITY[sdk=iphoneos*]" = "iPhone Developer";
				COPY_PHASE_STRIP = NO;
				ENABLE_STRICT_OBJC_MSGSEND = YES;
				ENABLE_TESTABILITY = YES;
				"EXCLUDED_ARCHS[sdk=iphonesimulator*]" = "";
				GCC_C_LANGUAGE_STANDARD = gnu99;
				GCC_DYNAMIC_NO_PIC = NO;
				GCC_NO_COMMON_BLOCKS = YES;
				GCC_OPTIMIZATION_LEVEL = 0;
				GCC_PREPROCESSOR_DEFINITIONS = (
					"DEBUG=1",
					"$(inherited)",
					_LIBCPP_ENABLE_CXX17_REMOVED_UNARY_BINARY_FUNCTION,
				);
				GCC_SYMBOLS_PRIVATE_EXTERN = NO;
				GCC_WARN_64_TO_32_BIT_CONVERSION = YES;
				GCC_WARN_ABOUT_RETURN_TYPE = YES_ERROR;
				GCC_WARN_UNDECLARED_SELECTOR = YES;
				GCC_WARN_UNINITIALIZED_AUTOS = YES_AGGRESSIVE;
				GCC_WARN_UNUSED_FUNCTION = YES;
				GCC_WARN_UNUSED_VARIABLE = YES;
				HEADER_SEARCH_PATHS = (
					"$(inherited)",
					"${PODS_CONFIGURATION_BUILD_DIR}/ReactCommon/ReactCommon.framework/Headers",
					"${PODS_CONFIGURATION_BUILD_DIR}/ReactCommon/ReactCommon.framework/Headers/react/nativemodule/core",
					"${PODS_CONFIGURATION_BUILD_DIR}/ReactCommon-Samples/ReactCommon_Samples.framework/Headers",
					"${PODS_CONFIGURATION_BUILD_DIR}/ReactCommon-Samples/ReactCommon_Samples.framework/Headers/platform/ios",
					"${PODS_CONFIGURATION_BUILD_DIR}/React-Fabric/React_Fabric.framework/Headers/react/renderer/components/view/platform/cxx",
					"${PODS_CONFIGURATION_BUILD_DIR}/React-NativeModulesApple/React_NativeModulesApple.framework/Headers",
					"${PODS_CONFIGURATION_BUILD_DIR}/React-graphics/React_graphics.framework/Headers",
					"${PODS_CONFIGURATION_BUILD_DIR}/React-graphics/React_graphics.framework/Headers/react/renderer/graphics/platform/ios",
				);
				IPHONEOS_DEPLOYMENT_TARGET = 15.1;
				LD_RUNPATH_SEARCH_PATHS = (
					/usr/lib/swift,
					"$(inherited)",
				);
				LIBRARY_SEARCH_PATHS = (
					"$(SDKROOT)/usr/lib/swift",
					"\"$(TOOLCHAIN_DIR)/usr/lib/swift/$(PLATFORM_NAME)\"",
					"\"$(inherited)\"",
				);
				MTL_ENABLE_DEBUG_INFO = YES;
				ONLY_ACTIVE_ARCH = YES;
				OTHER_CFLAGS = "$(inherited)";
				OTHER_CPLUSPLUSFLAGS = "$(inherited)";
				OTHER_LDFLAGS = "$(inherited)";
				REACT_NATIVE_PATH = "${PODS_ROOT}/../../node_modules/react-native";
				SDKROOT = iphoneos;
				SWIFT_ACTIVE_COMPILATION_CONDITIONS = "$(inherited) DEBUG";
				USE_HERMES = true;
			};
			name = Debug;
		};
		83CBBA211A601CBA00E9B192 /* Release */ = {
			isa = XCBuildConfiguration;
			buildSettings = {
				ALWAYS_SEARCH_USER_PATHS = NO;
				CLANG_ANALYZER_LOCALIZABILITY_NONLOCALIZED = YES;
				CLANG_CXX_LANGUAGE_STANDARD = "c++20";
				CLANG_CXX_LIBRARY = "libc++";
				CLANG_ENABLE_MODULES = YES;
				CLANG_ENABLE_OBJC_ARC = YES;
				CLANG_WARN_BLOCK_CAPTURE_AUTORELEASING = YES;
				CLANG_WARN_BOOL_CONVERSION = YES;
				CLANG_WARN_COMMA = YES;
				CLANG_WARN_CONSTANT_CONVERSION = YES;
				CLANG_WARN_DEPRECATED_OBJC_IMPLEMENTATIONS = YES;
				CLANG_WARN_DIRECT_OBJC_ISA_USAGE = YES_ERROR;
				CLANG_WARN_EMPTY_BODY = YES;
				CLANG_WARN_ENUM_CONVERSION = YES;
				CLANG_WARN_INFINITE_RECURSION = YES;
				CLANG_WARN_INT_CONVERSION = YES;
				CLANG_WARN_NON_LITERAL_NULL_CONVERSION = YES;
				CLANG_WARN_OBJC_IMPLICIT_RETAIN_SELF = YES;
				CLANG_WARN_OBJC_LITERAL_CONVERSION = YES;
				CLANG_WARN_OBJC_ROOT_CLASS = YES_ERROR;
				CLANG_WARN_QUOTED_INCLUDE_IN_FRAMEWORK_HEADER = YES;
				CLANG_WARN_RANGE_LOOP_ANALYSIS = YES;
				CLANG_WARN_STRICT_PROTOTYPES = YES;
				CLANG_WARN_SUSPICIOUS_MOVE = YES;
				CLANG_WARN_UNREACHABLE_CODE = YES;
				CLANG_WARN__DUPLICATE_METHOD_MATCH = YES;
				"CODE_SIGN_IDENTITY[sdk=iphoneos*]" = "iPhone Distribution";
				COPY_PHASE_STRIP = YES;
				ENABLE_NS_ASSERTIONS = NO;
				ENABLE_STRICT_OBJC_MSGSEND = YES;
				"EXCLUDED_ARCHS[sdk=iphonesimulator*]" = "";
				GCC_C_LANGUAGE_STANDARD = gnu99;
				GCC_NO_COMMON_BLOCKS = YES;
				GCC_PREPROCESSOR_DEFINITIONS = (
					"$(inherited)",
					_LIBCPP_ENABLE_CXX17_REMOVED_UNARY_BINARY_FUNCTION,
				);
				GCC_WARN_64_TO_32_BIT_CONVERSION = YES;
				GCC_WARN_ABOUT_RETURN_TYPE = YES_ERROR;
				GCC_WARN_UNDECLARED_SELECTOR = YES;
				GCC_WARN_UNINITIALIZED_AUTOS = YES_AGGRESSIVE;
				GCC_WARN_UNUSED_FUNCTION = YES;
				GCC_WARN_UNUSED_VARIABLE = YES;
				HEADER_SEARCH_PATHS = (
					"$(inherited)",
					"${PODS_CONFIGURATION_BUILD_DIR}/ReactCommon/ReactCommon.framework/Headers",
					"${PODS_CONFIGURATION_BUILD_DIR}/ReactCommon/ReactCommon.framework/Headers/react/nativemodule/core",
					"${PODS_CONFIGURATION_BUILD_DIR}/ReactCommon-Samples/ReactCommon_Samples.framework/Headers",
					"${PODS_CONFIGURATION_BUILD_DIR}/ReactCommon-Samples/ReactCommon_Samples.framework/Headers/platform/ios",
					"${PODS_CONFIGURATION_BUILD_DIR}/React-Fabric/React_Fabric.framework/Headers/react/renderer/components/view/platform/cxx",
					"${PODS_CONFIGURATION_BUILD_DIR}/React-NativeModulesApple/React_NativeModulesApple.framework/Headers",
					"${PODS_CONFIGURATION_BUILD_DIR}/React-graphics/React_graphics.framework/Headers",
					"${PODS_CONFIGURATION_BUILD_DIR}/React-graphics/React_graphics.framework/Headers/react/renderer/graphics/platform/ios",
				);
				IPHONEOS_DEPLOYMENT_TARGET = 15.1;
				LD_RUNPATH_SEARCH_PATHS = (
					/usr/lib/swift,
					"$(inherited)",
				);
				LIBRARY_SEARCH_PATHS = (
					"$(SDKROOT)/usr/lib/swift",
					"\"$(TOOLCHAIN_DIR)/usr/lib/swift/$(PLATFORM_NAME)\"",
					"\"$(inherited)\"",
				);
				MTL_ENABLE_DEBUG_INFO = NO;
				OTHER_CFLAGS = "$(inherited)";
				OTHER_CPLUSPLUSFLAGS = "$(inherited)";
				OTHER_LDFLAGS = "$(inherited)";
				REACT_NATIVE_PATH = "${PODS_ROOT}/../../node_modules/react-native";
				SDKROOT = iphoneos;
				USE_HERMES = true;
				VALIDATE_PRODUCT = YES;
			};
			name = Release;
		};
		8E858A6428AFD47300236EF2 /* Debug */ = {
			isa = XCBuildConfiguration;
			baseConfigurationReference = F911BD13400D775A15AFA673 /* Pods-common-AvaxWalletInternal.debug.xcconfig */;
			buildSettings = {
				ALWAYS_EMBED_SWIFT_STANDARD_LIBRARIES = YES;
				ASSETCATALOG_COMPILER_APPICON_NAME = "AppIcon-Internal";
				CLANG_ENABLE_MODULES = YES;
				CODE_SIGN_ENTITLEMENTS = AvaxWallet/AvaxWallet.entitlements;
				CODE_SIGN_IDENTITY = "Apple Development";
				CODE_SIGN_STYLE = Automatic;
				CURRENT_PROJECT_VERSION = 1;
				DEVELOPMENT_TEAM = U57DXD258P;
				DISPLAY_NAME = "Core Internal";
				ENABLE_BITCODE = NO;
				ENABLE_HARDENED_RUNTIME = NO;
				INFOPLIST_FILE = AvaxWallet/Info.plist;
				LD_RUNPATH_SEARCH_PATHS = (
					"$(inherited)",
					"@executable_path/Frameworks",
				);
				MARKETING_VERSION = 0.0.0;
				OTHER_LDFLAGS = (
					"$(inherited)",
					"-ObjC",
					"-lc++",
				);
				OTHER_SWIFT_FLAGS = "$(inherited) -D EXPO_CONFIGURATION_DEBUG";
				PRODUCT_BUNDLE_IDENTIFIER = org.avalabs.avaxwallet.internal;
				PRODUCT_NAME = "$(TARGET_NAME)";
				PROVISIONING_PROFILE_SPECIFIER = "";
				SWIFT_OBJC_BRIDGING_HEADER = "AvaxWallet-Bridging-Header.h";
				SWIFT_OPTIMIZATION_LEVEL = "-Onone";
				SWIFT_VERSION = 5.0;
				VERSIONING_SYSTEM = "apple-generic";
			};
			name = Debug;
		};
		8E858A6528AFD47300236EF2 /* Release */ = {
			isa = XCBuildConfiguration;
			baseConfigurationReference = 2F31BBEBFE5CD53EFF464BD9 /* Pods-common-AvaxWalletInternal.release.xcconfig */;
			buildSettings = {
				ALWAYS_EMBED_SWIFT_STANDARD_LIBRARIES = YES;
				ASSETCATALOG_COMPILER_APPICON_NAME = "AppIcon-Internal";
				CLANG_ENABLE_MODULES = YES;
				CODE_SIGN_ENTITLEMENTS = AvaxWallet/AvaxWalletRelease.entitlements;
				CODE_SIGN_STYLE = Manual;
				CURRENT_PROJECT_VERSION = 1;
				DEVELOPMENT_TEAM = U57DXD258P;
				DISPLAY_NAME = "Core Internal";
				ENABLE_HARDENED_RUNTIME = YES;
				"EXCLUDED_ARCHS[sdk=iphonesimulator*]" = "";
				INFOPLIST_FILE = AvaxWallet/InfoRelease.plist;
				LD_RUNPATH_SEARCH_PATHS = (
					"$(inherited)",
					"@executable_path/Frameworks",
				);
				MARKETING_VERSION = 0.0.0;
				ONLY_ACTIVE_ARCH = YES;
				OTHER_LDFLAGS = (
					"$(inherited)",
					"-ObjC",
					"-lc++",
				);
				OTHER_SWIFT_FLAGS = "$(inherited) -D EXPO_CONFIGURATION_RELEASE";
				PRODUCT_BUNDLE_IDENTIFIER = org.avalabs.avaxwallet.internal;
				PRODUCT_NAME = "$(TARGET_NAME)";
				PROVISIONING_PROFILE_SPECIFIER = "Bitrise iOS app-store - (org.avalabs.avaxwallet.internal)";
				SWIFT_OBJC_BRIDGING_HEADER = "AvaxWallet-Bridging-Header.h";
				SWIFT_VERSION = 5.0;
				VERSIONING_SYSTEM = "apple-generic";
			};
			name = Release;
		};
/* End XCBuildConfiguration section */

/* Begin XCConfigurationList section */
		13B07F931A680F5B00A75B9A /* Build configuration list for PBXNativeTarget "AvaxWallet" */ = {
			isa = XCConfigurationList;
			buildConfigurations = (
				13B07F941A680F5B00A75B9A /* Debug */,
				13B07F951A680F5B00A75B9A /* Release */,
			);
			defaultConfigurationIsVisible = 0;
			defaultConfigurationName = Release;
		};
		815E55172C92071A000F8E0F /* Build configuration list for PBXNativeTarget "NotificationServiceExtensionInternal" */ = {
			isa = XCConfigurationList;
			buildConfigurations = (
				815E55182C92071A000F8E0F /* Debug */,
				815E55192C92071A000F8E0F /* Release */,
			);
			defaultConfigurationIsVisible = 0;
			defaultConfigurationName = Release;
		};
		815E554F2C94A397000F8E0F /* Build configuration list for PBXNativeTarget "NotificationServiceExtension" */ = {
			isa = XCConfigurationList;
			buildConfigurations = (
				815E554D2C94A397000F8E0F /* Debug */,
				815E554E2C94A397000F8E0F /* Release */,
			);
			defaultConfigurationIsVisible = 0;
			defaultConfigurationName = Release;
		};
		83CBB9FA1A601CBA00E9B192 /* Build configuration list for PBXProject "AvaxWallet" */ = {
			isa = XCConfigurationList;
			buildConfigurations = (
				83CBBA201A601CBA00E9B192 /* Debug */,
				83CBBA211A601CBA00E9B192 /* Release */,
			);
			defaultConfigurationIsVisible = 0;
			defaultConfigurationName = Release;
		};
		8E858A6328AFD47300236EF2 /* Build configuration list for PBXNativeTarget "AvaxWalletInternal" */ = {
			isa = XCConfigurationList;
			buildConfigurations = (
				8E858A6428AFD47300236EF2 /* Debug */,
				8E858A6528AFD47300236EF2 /* Release */,
			);
			defaultConfigurationIsVisible = 0;
			defaultConfigurationName = Release;
		};
/* End XCConfigurationList section */
	};
	rootObject = 83CBB9F71A601CBA00E9B192 /* Project object */;
}
